
Microsoft Visual Studio Solution File, Format Version 12.00
# Visual Studio Version 17
VisualStudioVersion = 17.13.35931.197 d17.13
MinimumVisualStudioVersion = 10.0.40219.1
Project("{FAE04EC0-301F-11D3-BF4B-00C04F79EFBC}") = "DicionarioRecursos", "DicionarioRecursos\DicionarioRecursos.csproj", "{C877B291-79C6-417F-B1C4-0C164259FDBA}"
EndProject
Global
	GlobalSection(SolutionConfigurationPlatforms) = preSolution
		Debug|Any CPU = Debug|Any CPU
		Release|Any CPU = Release|Any CPU
	EndGlobalSection
	GlobalSection(ProjectConfigurationPlatforms) = postSolution
		{C877B291-79C6-417F-B1C4-0C164259FDBA}.Debug|Any CPU.ActiveCfg = Debug|Any CPU
		{C877B291-79C6-417F-B1C4-0C164259FDBA}.Debug|Any CPU.Build.0 = Debug|Any CPU
		{C877B291-79C6-417F-B1C4-0C164259FDBA}.Release|Any CPU.ActiveCfg = Release|Any CPU
		{C877B291-79C6-417F-B1C4-0C164259FDBA}.Release|Any CPU.Build.0 = Release|Any CPU
	EndGlobalSection
	GlobalSection(SolutionProperties) = preSolution
		HideSolutionNode = FALSE
	EndGlobalSection
	GlobalSection(ExtensibilityGlobals) = postSolution
		SolutionGuid = {DE8427F8-F957-441E-9894-23B6B2BB5BAC}
	EndGlobalSection
EndGlobal
